
Microsoft Visual Studio Solution File, Format Version 10.00
# Visual Studio 2008
Project("{FAE04EC0-301F-11D3-BF4B-00C04F79EFBC}") = "Trace", "Trace.csproj", "{CCB1B99A-CB83-4148-A12F-78BFE0A9EE4F}"
EndProject
Global
	GlobalSection(SolutionConfigurationPlatforms) = preSolution
		Debug|Any CPU = Debug|Any CPU
		Release|Any CPU = Release|Any CPU
	EndGlobalSection
	GlobalSection(ProjectConfigurationPlatforms) = postSolution
		{CCB1B99A-CB83-4148-A12F-78BFE0A9EE4F}.Debug|Any CPU.ActiveCfg = Debug|Any CPU
		{CCB1B99A-CB83-4148-A12F-78BFE0A9EE4F}.Debug|Any CPU.Build.0 = Debug|Any CPU
		{CCB1B99A-CB83-4148-A12F-78BFE0A9EE4F}.Release|Any CPU.ActiveCfg = Release|Any CPU
		{CCB1B99A-CB83-4148-A12F-78BFE0A9EE4F}.Release|Any CPU.Build.0 = Release|Any CPU
	EndGlobalSection
	GlobalSection(SolutionProperties) = preSolution
		HideSolutionNode = FALSE
	EndGlobalSection
EndGlobal
