
Microsoft Visual Studio Solution File, Format Version 10.00
# Visual Studio 2008
Project("{FAE04EC0-301F-11D3-BF4B-00C04F79EFBC}") = "Dependencies", "Dependencies.csproj", "{438C4F9F-3D93-4291-BEC3-0B323BD50687}"
EndProject
Global
	GlobalSection(SolutionConfigurationPlatforms) = preSolution
		Debug|Any CPU = Debug|Any CPU
		Release|Any CPU = Release|Any CPU
	EndGlobalSection
	GlobalSection(ProjectConfigurationPlatforms) = postSolution
		{438C4F9F-3D93-4291-BEC3-0B323BD50687}.Debug|Any CPU.ActiveCfg = Debug|Any CPU
		{438C4F9F-3D93-4291-BEC3-0B323BD50687}.Debug|Any CPU.Build.0 = Debug|Any CPU
		{438C4F9F-3D93-4291-BEC3-0B323BD50687}.Release|Any CPU.ActiveCfg = Release|Any CPU
		{438C4F9F-3D93-4291-BEC3-0B323BD50687}.Release|Any CPU.Build.0 = Release|Any CPU
	EndGlobalSection
	GlobalSection(SolutionProperties) = preSolution
		HideSolutionNode = FALSE
	EndGlobalSection
EndGlobal
